<?xml version="1.0" encoding="utf-8"?>
<Project ToolsVersion="4.0" xmlns="http://schemas.microsoft.com/developer/msbuild/2003">
  <ItemGroup>
    <Filter Include="LIB">
      <UniqueIdentifier>{113049ad-8f97-405e-b7fa-c2eb0d7c72af}</UniqueIdentifier>
    </Filter>
    <Filter Include="GE">
      <UniqueIdentifier>{e0294728-b669-4576-bbe8-b27e38689412}</UniqueIdentifier>
    </Filter>
    <Filter Include="MyPG">
      <UniqueIdentifier>{b647d201-8c7c-4a86-b3a0-22febd645a02}</UniqueIdentifier>
    </Filter>
    <Filter Include="LIB\DG2014">
      <UniqueIdentifier>{d7b72f2d-ce20-4a7b-a5c7-094a09309868}</UniqueIdentifier>
    </Filter>
    <Filter Include="LIB\DG2014\Mesh">
      <UniqueIdentifier>{56d93198-54a8-4d9f-9c63-bb879f760929}</UniqueIdentifier>
    </Filter>
    <Filter Include="LIB\DG2014\Base">
      <UniqueIdentifier>{ba024894-c1cb-4329-8346-bcd2aaefd671}</UniqueIdentifier>
    </Filter>
    <Filter Include="LIB\DG2014\Image">
      <UniqueIdentifier>{bf9539db-f2be-4d64-b289-6430eaa94e52}</UniqueIdentifier>
    </Filter>
    <Filter Include="LIB\DG2014\Effect">
      <UniqueIdentifier>{03445765-e85d-46d1-82ee-3157901d40fc}</UniqueIdentifier>
    </Filter>
    <Filter Include="LIB\DG2014\Font">
      <UniqueIdentifier>{b2e4e8df-22cb-4bce-98c5-89e914fb842d}</UniqueIdentifier>
    </Filter>
    <Filter Include="LIB\DG2014\Object">
      <UniqueIdentifier>{71aa57be-00e9-420b-b6f7-c1f785276368}</UniqueIdentifier>
    </Filter>
    <Filter Include="LIB\DI2014">
      <UniqueIdentifier>{5862f99e-0b18-46c5-8c66-f794bd25d4b0}</UniqueIdentifier>
    </Filter>
    <Filter Include="Game">
      <UniqueIdentifier>{42ffffda-c957-4c7c-9bbb-e6b88443d981}</UniqueIdentifier>
    </Filter>
    <Filter Include="MyPG\Chara_Item">
      <UniqueIdentifier>{9a1a3014-cb83-4a12-ba4f-ddf73ae84928}</UniqueIdentifier>
    </Filter>
    <Filter Include="MyPG\Chara_Player">
      <UniqueIdentifier>{2ea57be2-c8ce-4607-9e86-a6dabbb13b1b}</UniqueIdentifier>
    </Filter>
    <Filter Include="MyPG\Stage">
      <UniqueIdentifier>{f21ecf45-9b75-43ef-8182-6702da7e7076}</UniqueIdentifier>
    </Filter>
    <Filter Include="MyPG\Scenes">
      <UniqueIdentifier>{8d875217-27f1-4370-afbc-c14b988432d8}</UniqueIdentifier>
    </Filter>
    <Filter Include="MyPG\Chara_Enemy00">
      <UniqueIdentifier>{e9f26407-a735-4e9c-be34-00d71f5f57ec}</UniqueIdentifier>
    </Filter>
    <Filter Include="MyPG\Chara_Enemy01">
      <UniqueIdentifier>{6d08d147-2bfd-41ef-a8ba-4154761d5fb7}</UniqueIdentifier>
    </Filter>
    <Filter Include="MyPG\Display">
      <UniqueIdentifier>{a7d8b172-1c28-4033-a6f4-931a973691fb}</UniqueIdentifier>
    </Filter>
    <Filter Include="MyPG\Chara_Tutorials">
      <UniqueIdentifier>{0077beaf-43d4-4ccf-a8ee-cbd99b453031}</UniqueIdentifier>
    </Filter>
    <Filter Include="MyPG\Class">
      <UniqueIdentifier>{75297c4b-e0a2-4e0f-beab-0876f02cf3bb}</UniqueIdentifier>
    </Filter>
  </ItemGroup>
  <ItemGroup>
    <ClCompile Include="myLib.cpp">
      <Filter>LIB</Filter>
    </ClCompile>
    <ClCompile Include="DG2014\DG2014_Mesh.cpp">
      <Filter>LIB\DG2014\Mesh</Filter>
    </ClCompile>
    <ClCompile Include="DG2014\DG2014_Texture.cpp">
      <Filter>LIB\DG2014\Image</Filter>
    </ClCompile>
    <ClCompile Include="DG2014\DG2014_VertexBuffer.cpp">
      <Filter>LIB\DG2014\Base</Filter>
    </ClCompile>
    <ClCompile Include="DG2014\DG2014_VertexContainer.cpp">
      <Filter>LIB\DG2014\Base</Filter>
    </ClCompile>
    <ClCompile Include="DG2014\DG2014_IndexBuffer.cpp">
      <Filter>LIB\DG2014\Base</Filter>
    </ClCompile>
    <ClCompile Include="DG2014\DG2014_InputLayout.cpp">
      <Filter>LIB\DG2014\Base</Filter>
    </ClCompile>
    <ClCompile Include="DG2014\DG2014_Image.cpp">
      <Filter>LIB\DG2014\Image</Filter>
    </ClCompile>
    <ClCompile Include="DG2014\DG2014_Effect.cpp">
      <Filter>LIB\DG2014\Effect</Filter>
    </ClCompile>
    <ClCompile Include="DG2014\DG2014_Font.cpp">
      <Filter>LIB\DG2014\Font</Filter>
    </ClCompile>
    <ClCompile Include="DG2014\DG2014_DGObject.cpp">
      <Filter>LIB\DG2014\Object</Filter>
    </ClCompile>
    <ClCompile Include="DG2014\DG2014_MeshSOBFile.cpp">
      <Filter>LIB\DG2014\Mesh</Filter>
    </ClCompile>
    <ClCompile Include="xnacollision.cpp">
      <Filter>LIB</Filter>
    </ClCompile>
    <ClCompile Include="WinMain.cpp">
      <Filter>MyPG</Filter>
    </ClCompile>
    <ClCompile Include="MyPG.cpp">
      <Filter>MyPG</Filter>
    </ClCompile>
    <ClCompile Include="DG2014\DG2014_Ver3_51.cpp">
      <Filter>LIB\DG2014</Filter>
    </ClCompile>
    <ClCompile Include="DI2014_Ver3_4.cpp">
      <Filter>LIB\DI2014</Filter>
    </ClCompile>
    <ClCompile Include="GameEngine_Ver3_7.cpp">
      <Filter>GE</Filter>
    </ClCompile>
    <ClCompile Include="Task_Ending.cpp">
      <Filter>MyPG\Scenes</Filter>
    </ClCompile>
    <ClCompile Include="Task_Title.cpp">
      <Filter>MyPG\Scenes</Filter>
    </ClCompile>
    <ClCompile Include="Task_Game.cpp">
      <Filter>MyPG\Scenes</Filter>
    </ClCompile>
    <ClCompile Include="BChara.cpp">
      <Filter>MyPG\Class</Filter>
    </ClCompile>
    <ClCompile Include="Task_Retry.cpp">
      <Filter>MyPG\Scenes</Filter>
    </ClCompile>
    <ClCompile Include="Task_Player.cpp">
      <Filter>MyPG\Chara_Player</Filter>
    </ClCompile>
    <ClCompile Include="Task_Enemy00.cpp">
      <Filter>MyPG\Chara_Enemy00</Filter>
    </ClCompile>
    <ClCompile Include="Task_Shot00.cpp">
      <Filter>MyPG\Chara_Player</Filter>
    </ClCompile>
    <ClCompile Include="Task_Corpse.cpp">
      <Filter>MyPG</Filter>
    </ClCompile>
    <ClCompile Include="Task_Effect.cpp">
      <Filter>MyPG</Filter>
    </ClCompile>
    <ClCompile Include="Task_Goal.cpp">
      <Filter>MyPG</Filter>
    </ClCompile>
    <ClCompile Include="Task_Item00.cpp">
      <Filter>MyPG\Chara_Item</Filter>
    </ClCompile>
    <ClCompile Include="Task_Item01.cpp">
      <Filter>MyPG\Chara_Item</Filter>
    </ClCompile>
    <ClCompile Include="Task_Item02.cpp">
      <Filter>MyPG\Chara_Item</Filter>
    </ClCompile>
    <ClCompile Include="Task_Map2D.cpp">
      <Filter>MyPG\Stage</Filter>
    </ClCompile>
    <ClCompile Include="Task_Back.cpp">
      <Filter>MyPG\Stage</Filter>
    </ClCompile>
    <ClCompile Include="Task_Pause.cpp">
      <Filter>MyPG\Scenes</Filter>
    </ClCompile>
    <ClCompile Include="Task_Enemy01.cpp">
      <Filter>MyPG\Chara_Enemy01</Filter>
    </ClCompile>
    <ClCompile Include="Task_EnemySearch.cpp">
      <Filter>MyPG\Chara_Enemy01</Filter>
    </ClCompile>
    <ClCompile Include="Task_Shot01.cpp">
      <Filter>MyPG\Chara_Enemy01</Filter>
    </ClCompile>
    <ClCompile Include="Task_UI.cpp">
      <Filter>MyPG\Display</Filter>
    </ClCompile>
    <ClCompile Include="Task_Tutorials.cpp">
      <Filter>MyPG\Chara_Tutorials</Filter>
    </ClCompile>
    <ClCompile Include="Task_Sprite.cpp">
      <Filter>MyPG\Chara_Player</Filter>
    </ClCompile>
    <ClCompile Include="Task_Gun.cpp">
      <Filter>MyPG\Chara_Player</Filter>
    </ClCompile>
    <ClCompile Include="Task_Player_Head.cpp">
      <Filter>MyPG\Chara_Player</Filter>
    </ClCompile>
  </ItemGroup>
  <ItemGroup>
    <ClInclude Include="myLib.h">
      <Filter>LIB</Filter>
    </ClInclude>
    <ClInclude Include="EFile.h">
      <Filter>LIB</Filter>
    </ClInclude>
    <ClInclude Include="DG2014\DG2014_Mesh.h">
      <Filter>LIB\DG2014\Mesh</Filter>
    </ClInclude>
    <ClInclude Include="DG2014\DG2014_Texture.h">
      <Filter>LIB\DG2014\Image</Filter>
    </ClInclude>
    <ClInclude Include="DG2014\DG2014_VertexBuffer.h">
      <Filter>LIB\DG2014\Base</Filter>
    </ClInclude>
    <ClInclude Include="DG2014\DG2014_VertexContainer.h">
      <Filter>LIB\DG2014\Base</Filter>
    </ClInclude>
    <ClInclude Include="DG2014\DG2014_IndexBuffer.h">
      <Filter>LIB\DG2014\Base</Filter>
    </ClInclude>
    <ClInclude Include="DG2014\DG2014_InputLayout.h">
      <Filter>LIB\DG2014\Base</Filter>
    </ClInclude>
    <ClInclude Include="DG2014\DG2014_Image.h">
      <Filter>LIB\DG2014\Image</Filter>
    </ClInclude>
    <ClInclude Include="DG2014\DG2014_Effect.h">
      <Filter>LIB\DG2014\Effect</Filter>
    </ClInclude>
    <ClInclude Include="DG2014\DG2014_Font.h">
      <Filter>LIB\DG2014\Font</Filter>
    </ClInclude>
    <ClInclude Include="DG2014\DG2014_DGObject.h">
      <Filter>LIB\DG2014\Object</Filter>
    </ClInclude>
    <ClInclude Include="xnacollision.h">
      <Filter>LIB</Filter>
    </ClInclude>
    <ClInclude Include="MyPG.h">
      <Filter>MyPG</Filter>
    </ClInclude>
    <ClInclude Include="DG2014\DG2014_Ver3_51.h">
      <Filter>LIB\DG2014</Filter>
    </ClInclude>
    <ClInclude Include="DI2014_Ver3_4.h">
      <Filter>LIB\DI2014</Filter>
    </ClInclude>
    <ClInclude Include="GameEngine_Ver3_7.h">
      <Filter>GE</Filter>
    </ClInclude>
    <ClInclude Include="Task_Ending.h">
      <Filter>MyPG\Scenes</Filter>
    </ClInclude>
    <ClInclude Include="Task_Title.h">
      <Filter>MyPG\Scenes</Filter>
    </ClInclude>
    <ClInclude Include="Task_Game.h">
      <Filter>MyPG\Scenes</Filter>
    </ClInclude>
    <ClInclude Include="BChara.h">
      <Filter>MyPG\Class</Filter>
    </ClInclude>
    <ClInclude Include="Task_Retry.h">
      <Filter>MyPG\Scenes</Filter>
    </ClInclude>
    <ClInclude Include="Task_Player.h">
      <Filter>MyPG\Chara_Player</Filter>
    </ClInclude>
    <ClInclude Include="Task_Enemy00.h">
      <Filter>MyPG\Chara_Enemy00</Filter>
    </ClInclude>
    <ClInclude Include="Task_Shot00.h">
      <Filter>MyPG\Chara_Player</Filter>
    </ClInclude>
    <ClInclude Include="Task_Corpse.h">
      <Filter>MyPG</Filter>
    </ClInclude>
    <ClInclude Include="Task_Effect.h">
      <Filter>MyPG</Filter>
    </ClInclude>
    <ClInclude Include="Task_Goal.h">
      <Filter>MyPG</Filter>
    </ClInclude>
    <ClInclude Include="Task_Item00.h">
      <Filter>MyPG\Chara_Item</Filter>
    </ClInclude>
    <ClInclude Include="Task_Item01.h">
      <Filter>MyPG\Chara_Item</Filter>
    </ClInclude>
    <ClInclude Include="Task_Item02.h">
      <Filter>MyPG\Chara_Item</Filter>
    </ClInclude>
    <ClInclude Include="Task_Map2D.h">
      <Filter>MyPG\Stage</Filter>
    </ClInclude>
    <ClInclude Include="Task_Back.h">
      <Filter>MyPG\Stage</Filter>
    </ClInclude>
    <ClInclude Include="Task_Pause.h">
      <Filter>MyPG\Scenes</Filter>
    </ClInclude>
    <ClInclude Include="Task_Enemy01.h">
      <Filter>MyPG\Chara_Enemy01</Filter>
    </ClInclude>
    <ClInclude Include="Task_EnemySearch.h">
      <Filter>MyPG\Chara_Enemy01</Filter>
    </ClInclude>
    <ClInclude Include="Task_Shot01.h">
      <Filter>MyPG\Chara_Enemy01</Filter>
    </ClInclude>
    <ClInclude Include="Task_UI.h">
      <Filter>MyPG\Display</Filter>
    </ClInclude>
    <ClInclude Include="Task_Tutorials.h">
      <Filter>MyPG\Chara_Tutorials</Filter>
    </ClInclude>
    <ClInclude Include="Task_Sprite.h">
      <Filter>MyPG\Chara_Player</Filter>
    </ClInclude>
    <ClInclude Include="Task_Gun.h">
      <Filter>MyPG\Chara_Player</Filter>
    </ClInclude>
    <ClInclude Include="Task_Player_Head.h">
      <Filter>MyPG\Chara_Player</Filter>
    </ClInclude>
  </ItemGroup>
  <ItemGroup>
    <None Include="data\Shader\MyStdShader.fx" />
  </ItemGroup>
</Project>